
Microsoft Visual Studio Solution File, Format Version 12.00
# Visual Studio Version 17
VisualStudioVersion = 17.11.35312.102
MinimumVisualStudioVersion = 10.0.40219.1
Project("{9A19103F-16F7-4668-BE54-9A1E7A4F7556}") = "OnlineCinema.Mvc", "OnlineCinema.Mvc\OnlineCinema.Mvc.csproj", "{89EBCC9D-94E4-414A-A6E1-515A33123FB2}"
EndProject
Project("{9A19103F-16F7-4668-BE54-9A1E7A4F7556}") = "OnlineCinema.Domain", "OnlineCinema.Domain\OnlineCinema.Domain.csproj", "{1498F7DF-A125-47A6-BCE7-9C0C01BF0F4B}"
EndProject
Global
	GlobalSection(SolutionConfigurationPlatforms) = preSolution
		Debug|Any CPU = Debug|Any CPU
		Release|Any CPU = Release|Any CPU
	EndGlobalSection
	GlobalSection(ProjectConfigurationPlatforms) = postSolution
		{89EBCC9D-94E4-414A-A6E1-515A33123FB2}.Debug|Any CPU.ActiveCfg = Debug|Any CPU
		{89EBCC9D-94E4-414A-A6E1-515A33123FB2}.Debug|Any CPU.Build.0 = Debug|Any CPU
		{89EBCC9D-94E4-414A-A6E1-515A33123FB2}.Release|Any CPU.ActiveCfg = Release|Any CPU
		{89EBCC9D-94E4-414A-A6E1-515A33123FB2}.Release|Any CPU.Build.0 = Release|Any CPU
		{1498F7DF-A125-47A6-BCE7-9C0C01BF0F4B}.Debug|Any CPU.ActiveCfg = Debug|Any CPU
		{1498F7DF-A125-47A6-BCE7-9C0C01BF0F4B}.Debug|Any CPU.Build.0 = Debug|Any CPU
		{1498F7DF-A125-47A6-BCE7-9C0C01BF0F4B}.Release|Any CPU.ActiveCfg = Release|Any CPU
		{1498F7DF-A125-47A6-BCE7-9C0C01BF0F4B}.Release|Any CPU.Build.0 = Release|Any CPU
	EndGlobalSection
	GlobalSection(SolutionProperties) = preSolution
		HideSolutionNode = FALSE
	EndGlobalSection
	GlobalSection(ExtensibilityGlobals) = postSolution
		SolutionGuid = {E03B2CB1-567E-429B-8C99-314D05FF22E6}
	EndGlobalSection
EndGlobal
